Microsoft Visual Studio Solution File, Format Version 12.00
# Visual Studio Version 17
VisualStudioVersion = 17.5.2.0
MinimumVisualStudioVersion = 10.0.40219.1
Project("{FAE04EC0-301F-11D3-BF4B-00C04F79EFBC}") = "Barid.Fonix.AI.Whisper", "Barid.Fonix.AI.Whisper.csproj", "{28839172-851F-DD32-F708-77C7D18D1030}"
EndProject
Global
	GlobalSection(SolutionConfigurationPlatforms) = preSolution
		Debug|Any CPU = Debug|Any CPU
		Release|Any CPU = Release|Any CPU
	EndGlobalSection
	GlobalSection(ProjectConfigurationPlatforms) = postSolution
		{28839172-851F-DD32-F708-77C7D18D1030}.Debug|Any CPU.ActiveCfg = Debug|Any CPU
		{28839172-851F-DD32-F708-77C7D18D1030}.Debug|Any CPU.Build.0 = Debug|Any CPU
		{28839172-851F-DD32-F708-77C7D18D1030}.Release|Any CPU.ActiveCfg = Release|Any CPU
		{28839172-851F-DD32-F708-77C7D18D1030}.Release|Any CPU.Build.0 = Release|Any CPU
	EndGlobalSection
	GlobalSection(SolutionProperties) = preSolution
		HideSolutionNode = FALSE
	EndGlobalSection
	GlobalSection(ExtensibilityGlobals) = postSolution
		SolutionGuid = {323514CA-B8E3-4D0C-9B15-4D5C6D73BEFB}
	EndGlobalSection
EndGlobal
